
Microsoft Visual Studio Solution File, Format Version 12.00
# Visual Studio Version 17
VisualStudioVersion = 17.9.34714.143
MinimumVisualStudioVersion = 10.0.40219.1
Project("{9A19103F-16F7-4668-BE54-9A1E7A4F7556}") = "FitTrack", "FitTrack.csproj", "{E90BEA2F-0DAE-4D07-8B9D-A34944EEE07D}"
EndProject
Global
	GlobalSection(SolutionConfigurationPlatforms) = preSolution
		Debug|Any CPU = Debug|Any CPU
		Release|Any CPU = Release|Any CPU
	EndGlobalSection
	GlobalSection(ProjectConfigurationPlatforms) = postSolution
		{E90BEA2F-0DAE-4D07-8B9D-A34944EEE07D}.Debug|Any CPU.ActiveCfg = Debug|Any CPU
		{E90BEA2F-0DAE-4D07-8B9D-A34944EEE07D}.Debug|Any CPU.Build.0 = Debug|Any CPU
		{E90BEA2F-0DAE-4D07-8B9D-A34944EEE07D}.Release|Any CPU.ActiveCfg = Release|Any CPU
		{E90BEA2F-0DAE-4D07-8B9D-A34944EEE07D}.Release|Any CPU.Build.0 = Release|Any CPU
	EndGlobalSection
	GlobalSection(SolutionProperties) = preSolution
		HideSolutionNode = FALSE
	EndGlobalSection
	GlobalSection(ExtensibilityGlobals) = postSolution
		SolutionGuid = {5F7D17A7-B7D5-405C-96B1-F19346CA8C45}
	EndGlobalSection
EndGlobal
